
Microsoft Visual Studio Solution File, Format Version 12.00
# Visual Studio Version 17
VisualStudioVersion = 17.7.34202.233
MinimumVisualStudioVersion = 10.0.40219.1
Project("{FAE04EC0-301F-11D3-BF4B-00C04F79EFBC}") = "WpfApp1", "WpfApp1\WpfApp1.csproj", "{AB8CDB31-BA3A-46D6-8A03-94F1207F4384}"
EndProject
Global
	GlobalSection(SolutionConfigurationPlatforms) = preSolution
		Debug|Any CPU = Debug|Any CPU
		Release|Any CPU = Release|Any CPU
	EndGlobalSection
	GlobalSection(ProjectConfigurationPlatforms) = postSolution
		{AB8CDB31-BA3A-46D6-8A03-94F1207F4384}.Debug|Any CPU.ActiveCfg = Debug|Any CPU
		{AB8CDB31-BA3A-46D6-8A03-94F1207F4384}.Debug|Any CPU.Build.0 = Debug|Any CPU
		{AB8CDB31-BA3A-46D6-8A03-94F1207F4384}.Release|Any CPU.ActiveCfg = Release|Any CPU
		{AB8CDB31-BA3A-46D6-8A03-94F1207F4384}.Release|Any CPU.Build.0 = Release|Any CPU
	EndGlobalSection
	GlobalSection(SolutionProperties) = preSolution
		HideSolutionNode = FALSE
	EndGlobalSection
	GlobalSection(ExtensibilityGlobals) = postSolution
		SolutionGuid = {61D29193-A1BB-48F0-A0E4-A856667E643B}
	EndGlobalSection
EndGlobal
